
Microsoft Visual Studio Solution File, Format Version 12.00
# Visual Studio Version 17
VisualStudioVersion = 17.11.35327.3
MinimumVisualStudioVersion = 10.0.40219.1
Project("{FAE04EC0-301F-11D3-BF4B-00C04F79EFBC}") = "HelpdeskAPI", "HelpdeskAPI\HelpdeskAPI.csproj", "{6AFCF4B4-6B70-4FCD-8962-5BB627F31E51}"
EndProject
Global
	GlobalSection(SolutionConfigurationPlatforms) = preSolution
		Debug|Any CPU = Debug|Any CPU
		Release|Any CPU = Release|Any CPU
	EndGlobalSection
	GlobalSection(ProjectConfigurationPlatforms) = postSolution
		{6AFCF4B4-6B70-4FCD-8962-5BB627F31E51}.Debug|Any CPU.ActiveCfg = Debug|Any CPU
		{6AFCF4B4-6B70-4FCD-8962-5BB627F31E51}.Debug|Any CPU.Build.0 = Debug|Any CPU
		{6AFCF4B4-6B70-4FCD-8962-5BB627F31E51}.Release|Any CPU.ActiveCfg = Release|Any CPU
		{6AFCF4B4-6B70-4FCD-8962-5BB627F31E51}.Release|Any CPU.Build.0 = Release|Any CPU
	EndGlobalSection
	GlobalSection(SolutionProperties) = preSolution
		HideSolutionNode = FALSE
	EndGlobalSection
	GlobalSection(ExtensibilityGlobals) = postSolution
		SolutionGuid = {A5713344-4765-419F-8F94-930F21B7572B}
	EndGlobalSection
EndGlobal
